# This file is @generated by PDM.
# It is not intended for manual editing.

[metadata]
groups = ["default"]
strategy = ["cross_platform", "inherit_metadata"]
lock_version = "4.4.2"
content_hash = "sha256:54c1b546bf1541f416cd1e84a2c6ddd89650fba2af3f1ef0743ac87105c83ee4"

[[package]]
name = "apscheduler"
version = "3.10.4"
requires_python = ">=3.6"
summary = "In-process task scheduler with Cron-like capabilities"
groups = ["default"]
dependencies = [
    "pytz",
    "six>=1.4.0",
    "tzlocal!=3.*,>=2.0",
]
files = [
    {file = "APScheduler-3.10.4-py3-none-any.whl", hash = "sha256:fb91e8a768632a4756a585f79ec834e0e27aad5860bac7eaa523d9ccefd87661"},
    {file = "APScheduler-3.10.4.tar.gz", hash = "sha256:e6df071b27d9be898e486bc7940a7be50b4af2e9da7c08f0744a96d4bd4cef4a"},
]

[[package]]
name = "confluent-kafka"
version = "2.5.0"
summary = "Confluent's Python client for Apache Kafka"
groups = ["default"]
files = [
    {file = "confluent-kafka-2.5.0.tar.gz", hash = "sha256:551cabaade717bb56ec13eb860ce439bedbcf1c97f4a4aa26957572ed1bfa74f"},
    {file = "confluent_kafka-2.5.0-cp310-cp310-macosx_10_9_x86_64.whl", hash = "sha256:5509a219128fb177fa4186a8669071cc52acd52eba436f339edb9063aabb486d"},
    {file = "confluent_kafka-2.5.0-cp310-cp310-macosx_11_0_arm64.whl", hash = "sha256:ff98d8fbe7d3671cac3e1b692c13f160cf508b525c110a89906ffabd1cc140fe"},
    {file = "confluent_kafka-2.5.0-cp310-cp310-manylinux_2_28_aarch64.whl", hash = "sha256:72ffae4387d283cb5657b6381a893c7231c26a9b4248557e7f030de76156290a"},
    {file = "confluent_kafka-2.5.0-cp310-cp310-manylinux_2_28_x86_64.whl", hash = "sha256:75873087fd1bd753e082f74ab97f68cc3a0765d6b600c2ac3d3a0beffbdc569d"},
    {file = "confluent_kafka-2.5.0-cp310-cp310-win_amd64.whl", hash = "sha256:2af917f93ac3a0aa88e6bee9b2056c1c176621e4a9c8f7051cc8646b81f91327"},
    {file = "confluent_kafka-2.5.0-cp311-cp311-macosx_10_9_x86_64.whl", hash = "sha256:efc8c48d5dbbcd1b56afe737df8156a74e62b50481ccffe581b9926eaa16c014"},
    {file = "confluent_kafka-2.5.0-cp311-cp311-macosx_11_0_arm64.whl", hash = "sha256:7b9f867c7e955a48ed60dee0da9c157b0f84e67724f7e42591bbcf6867e3865f"},
    {file = "confluent_kafka-2.5.0-cp311-cp311-manylinux_2_28_aarch64.whl", hash = "sha256:b064baf6a93ab58199e63bddf73d9f2c855b89cc376d5313c2f89c633aa3254a"},
    {file = "confluent_kafka-2.5.0-cp311-cp311-manylinux_2_28_x86_64.whl", hash = "sha256:a55f3d761c8463c504012ad9b06be33ef07f301f246e61d656cc927d35763f82"},
    {file = "confluent_kafka-2.5.0-cp311-cp311-win_amd64.whl", hash = "sha256:c05a677b1dbdcf2a4532e2cf41e78d2e2ffb3a6829347caf2825f472cda59e69"},
    {file = "confluent_kafka-2.5.0-cp312-cp312-macosx_10_9_x86_64.whl", hash = "sha256:db987d8953d0d58a28a455e43a1da74a0e9dec7a12a74f5abd85a7cb308aefd4"},
    {file = "confluent_kafka-2.5.0-cp312-cp312-macosx_11_0_arm64.whl", hash = "sha256:7d828ebb45db153cd462e72c575f8683c2c56ddba62b282aa36d9c365847e212"},
    {file = "confluent_kafka-2.5.0-cp312-cp312-manylinux_2_28_aarch64.whl", hash = "sha256:fb863f76605e9bbbb1d7f02abf05899cf1435421aa721a5be212c600bd054aa3"},
    {file = "confluent_kafka-2.5.0-cp312-cp312-manylinux_2_28_x86_64.whl", hash = "sha256:92efb98908e29f597c77ab97faa064f670b681f4540c3eabc415b8a6e58df9bf"},
    {file = "confluent_kafka-2.5.0-cp312-cp312-win_amd64.whl", hash = "sha256:d668b5c426af595271bf6fce2917a6c3a15453656077a59db85f440958b5ccc2"},
]

[[package]]
name = "python-dotenv"
version = "1.0.1"
requires_python = ">=3.8"
summary = "Read key-value pairs from a .env file and set them as environment variables"
groups = ["default"]
files = [
    {file = "python-dotenv-1.0.1.tar.gz", hash = "sha256:e324ee90a023d808f1959c46bcbc04446a10ced277783dc6ee09987c37ec10ca"},
    {file = "python_dotenv-1.0.1-py3-none-any.whl", hash = "sha256:f7b63ef50f1b690dddf550d03497b66d609393b40b564ed0d674909a68ebf16a"},
]

[[package]]
name = "pytz"
version = "2024.1"
summary = "World timezone definitions, modern and historical"
groups = ["default"]
files = [
    {file = "pytz-2024.1-py2.py3-none-any.whl", hash = "sha256:328171f4e3623139da4983451950b28e95ac706e13f3f2630a879749e7a8b319"},
    {file = "pytz-2024.1.tar.gz", hash = "sha256:2a29735ea9c18baf14b448846bde5a48030ed267578472d8955cd0e7443a9812"},
]

[[package]]
name = "six"
version = "1.16.0"
requires_python = ">=2.7, !=3.0.*, !=3.1.*, !=3.2.*"
summary = "Python 2 and 3 compatibility utilities"
groups = ["default"]
files = [
    {file = "six-1.16.0-py2.py3-none-any.whl", hash = "sha256:8abb2f1d86890a2dfb989f9a77cfcfd3e47c2a354b01111771326f8aa26e0254"},
    {file = "six-1.16.0.tar.gz", hash = "sha256:1e61c37477a1626458e36f7b1d82aa5c9b094fa4802892072e49de9c60c4c926"},
]

[[package]]
name = "tzdata"
version = "2024.1"
requires_python = ">=2"
summary = "Provider of IANA time zone data"
groups = ["default"]
marker = "platform_system == \"Windows\""
files = [
    {file = "tzdata-2024.1-py2.py3-none-any.whl", hash = "sha256:9068bc196136463f5245e51efda838afa15aaeca9903f49050dfa2679db4d252"},
    {file = "tzdata-2024.1.tar.gz", hash = "sha256:2674120f8d891909751c38abcdfd386ac0a5a1127954fbc332af6b5ceae07efd"},
]

[[package]]
name = "tzlocal"
version = "5.2"
requires_python = ">=3.8"
summary = "tzinfo object for the local timezone"
groups = ["default"]
dependencies = [
    "tzdata; platform_system == \"Windows\"",
]
files = [
    {file = "tzlocal-5.2-py3-none-any.whl", hash = "sha256:49816ef2fe65ea8ac19d19aa7a1ae0551c834303d5014c6d5a62e4cbda8047b8"},
    {file = "tzlocal-5.2.tar.gz", hash = "sha256:8d399205578f1a9342816409cc1e46a93ebd5755e39ea2d85334bea911bf0e6e"},
]

[[package]]
name = "yunopyutils"
version = "1.0.0a2"
requires_python = ">=3.9"
summary = "Utils for python"
groups = ["default"]
dependencies = [
    "python-dotenv>=1.0.0",
]
files = [
    {file = "yunopyutils-1.0.0a2-py3-none-any.whl", hash = "sha256:a75f4115c39b5654e1e8b7164297879bc28cde9c43ffc11a3d4214807feb5ac2"},
    {file = "yunopyutils-1.0.0a2.tar.gz", hash = "sha256:b8669023b33467bf2b9abc347a632fd1894e1ee7ac57c89f4e2746f2e6479753"},
]
